
Microsoft Visual Studio Solution File, Format Version 12.00
# Visual Studio 2012
Project("{FAE04EC0-301F-11D3-BF4B-00C04F79EFBC}") = "BLEArduino", "BLEArduino\BLEArduino.csproj", "{EBC671EE-14B3-491B-89D6-54217D223540}"
EndProject
Project("{FAE04EC0-301F-11D3-BF4B-00C04F79EFBC}") = "BLEArduino.iOS", "iOS\BLEArduino.iOS.csproj", "{C9B3F9C2-9922-499E-9CA3-AFE86CF34D1E}"
EndProject
Project("{FAE04EC0-301F-11D3-BF4B-00C04F79EFBC}") = "BLEArduino.Droid", "Droid\BLEArduino.Droid.csproj", "{D8A482DC-094A-4510-A694-566EC466A5C2}"
EndProject
Project("{FAE04EC0-301F-11D3-BF4B-00C04F79EFBC}") = "BLEArduino.UITests", "UITests\BLEArduino.UITests.csproj", "{525C456C-2A24-4FF8-9C8D-25165EC6EF22}"
EndProject
Global
	GlobalSection(SolutionConfigurationPlatforms) = preSolution
		Debug|Any CPU = Debug|Any CPU
		Release|Any CPU = Release|Any CPU
		Debug|iPhoneSimulator = Debug|iPhoneSimulator
		Release|iPhone = Release|iPhone
		Release|iPhoneSimulator = Release|iPhoneSimulator
		Debug|iPhone = Debug|iPhone
	EndGlobalSection
	GlobalSection(ProjectConfigurationPlatforms) = postSolution
		{EBC671EE-14B3-491B-89D6-54217D223540}.Debug|Any CPU.ActiveCfg = Debug|Any CPU
		{EBC671EE-14B3-491B-89D6-54217D223540}.Debug|Any CPU.Build.0 = Debug|Any CPU
		{EBC671EE-14B3-491B-89D6-54217D223540}.Release|Any CPU.ActiveCfg = Release|Any CPU
		{EBC671EE-14B3-491B-89D6-54217D223540}.Release|Any CPU.Build.0 = Release|Any CPU
		{EBC671EE-14B3-491B-89D6-54217D223540}.Debug|iPhoneSimulator.ActiveCfg = Debug|Any CPU
		{EBC671EE-14B3-491B-89D6-54217D223540}.Debug|iPhoneSimulator.Build.0 = Debug|Any CPU
		{EBC671EE-14B3-491B-89D6-54217D223540}.Release|iPhone.ActiveCfg = Release|Any CPU
		{EBC671EE-14B3-491B-89D6-54217D223540}.Release|iPhone.Build.0 = Release|Any CPU
		{EBC671EE-14B3-491B-89D6-54217D223540}.Release|iPhoneSimulator.ActiveCfg = Release|Any CPU
		{EBC671EE-14B3-491B-89D6-54217D223540}.Release|iPhoneSimulator.Build.0 = Release|Any CPU
		{EBC671EE-14B3-491B-89D6-54217D223540}.Debug|iPhone.ActiveCfg = Debug|Any CPU
		{EBC671EE-14B3-491B-89D6-54217D223540}.Debug|iPhone.Build.0 = Debug|Any CPU
		{C9B3F9C2-9922-499E-9CA3-AFE86CF34D1E}.Debug|Any CPU.ActiveCfg = Debug|iPhoneSimulator
		{C9B3F9C2-9922-499E-9CA3-AFE86CF34D1E}.Debug|Any CPU.Build.0 = Debug|iPhoneSimulator
		{C9B3F9C2-9922-499E-9CA3-AFE86CF34D1E}.Release|Any CPU.ActiveCfg = Release|iPhone
		{C9B3F9C2-9922-499E-9CA3-AFE86CF34D1E}.Release|Any CPU.Build.0 = Release|iPhone
		{C9B3F9C2-9922-499E-9CA3-AFE86CF34D1E}.Debug|iPhoneSimulator.ActiveCfg = Debug|iPhoneSimulator
		{C9B3F9C2-9922-499E-9CA3-AFE86CF34D1E}.Debug|iPhoneSimulator.Build.0 = Debug|iPhoneSimulator
		{C9B3F9C2-9922-499E-9CA3-AFE86CF34D1E}.Release|iPhone.ActiveCfg = Release|iPhone
		{C9B3F9C2-9922-499E-9CA3-AFE86CF34D1E}.Release|iPhone.Build.0 = Release|iPhone
		{C9B3F9C2-9922-499E-9CA3-AFE86CF34D1E}.Release|iPhoneSimulator.ActiveCfg = Release|iPhoneSimulator
		{C9B3F9C2-9922-499E-9CA3-AFE86CF34D1E}.Release|iPhoneSimulator.Build.0 = Release|iPhoneSimulator
		{C9B3F9C2-9922-499E-9CA3-AFE86CF34D1E}.Debug|iPhone.ActiveCfg = Debug|iPhone
		{C9B3F9C2-9922-499E-9CA3-AFE86CF34D1E}.Debug|iPhone.Build.0 = Debug|iPhone
		{D8A482DC-094A-4510-A694-566EC466A5C2}.Debug|Any CPU.ActiveCfg = Debug|Any CPU
		{D8A482DC-094A-4510-A694-566EC466A5C2}.Debug|Any CPU.Build.0 = Debug|Any CPU
		{D8A482DC-094A-4510-A694-566EC466A5C2}.Release|Any CPU.ActiveCfg = Release|Any CPU
		{D8A482DC-094A-4510-A694-566EC466A5C2}.Release|Any CPU.Build.0 = Release|Any CPU
		{D8A482DC-094A-4510-A694-566EC466A5C2}.Debug|iPhoneSimulator.ActiveCfg = Debug|Any CPU
		{D8A482DC-094A-4510-A694-566EC466A5C2}.Debug|iPhoneSimulator.Build.0 = Debug|Any CPU
		{D8A482DC-094A-4510-A694-566EC466A5C2}.Release|iPhone.ActiveCfg = Release|Any CPU
		{D8A482DC-094A-4510-A694-566EC466A5C2}.Release|iPhone.Build.0 = Release|Any CPU
		{D8A482DC-094A-4510-A694-566EC466A5C2}.Release|iPhoneSimulator.ActiveCfg = Release|Any CPU
		{D8A482DC-094A-4510-A694-566EC466A5C2}.Release|iPhoneSimulator.Build.0 = Release|Any CPU
		{D8A482DC-094A-4510-A694-566EC466A5C2}.Debug|iPhone.ActiveCfg = Debug|Any CPU
		{D8A482DC-094A-4510-A694-566EC466A5C2}.Debug|iPhone.Build.0 = Debug|Any CPU
		{525C456C-2A24-4FF8-9C8D-25165EC6EF22}.Debug|Any CPU.ActiveCfg = Debug|Any CPU
		{525C456C-2A24-4FF8-9C8D-25165EC6EF22}.Debug|Any CPU.Build.0 = Debug|Any CPU
		{525C456C-2A24-4FF8-9C8D-25165EC6EF22}.Release|Any CPU.ActiveCfg = Release|Any CPU
		{525C456C-2A24-4FF8-9C8D-25165EC6EF22}.Release|Any CPU.Build.0 = Release|Any CPU
		{525C456C-2A24-4FF8-9C8D-25165EC6EF22}.Debug|iPhoneSimulator.ActiveCfg = Debug|Any CPU
		{525C456C-2A24-4FF8-9C8D-25165EC6EF22}.Debug|iPhoneSimulator.Build.0 = Debug|Any CPU
		{525C456C-2A24-4FF8-9C8D-25165EC6EF22}.Release|iPhone.ActiveCfg = Release|Any CPU
		{525C456C-2A24-4FF8-9C8D-25165EC6EF22}.Release|iPhone.Build.0 = Release|Any CPU
		{525C456C-2A24-4FF8-9C8D-25165EC6EF22}.Release|iPhoneSimulator.ActiveCfg = Release|Any CPU
		{525C456C-2A24-4FF8-9C8D-25165EC6EF22}.Release|iPhoneSimulator.Build.0 = Release|Any CPU
		{525C456C-2A24-4FF8-9C8D-25165EC6EF22}.Debug|iPhone.ActiveCfg = Debug|Any CPU
		{525C456C-2A24-4FF8-9C8D-25165EC6EF22}.Debug|iPhone.Build.0 = Debug|Any CPU
	EndGlobalSection
EndGlobal
